// !$*UTF8*$!
{
	archiveVersion = 1;
	classes = {
	};
	objectVersion = 46;
	objects = {

/* Begin PBXBuildFile section */
		1A304D92183E4D6C00F611F5 /* GameProxy.m in Sources */ = {isa = PBXBuildFile; fileRef = 1A304D91183E4D6C00F611F5 /* GameProxy.m */; };
		1A304D9B183E4ECE00F611F5 /* LoginScene.m in Sources */ = {isa = PBXBuildFile; fileRef = 1A304D94183E4ECE00F611F5 /* LoginScene.m */; };
		1A304D9C183E4ECE00F611F5 /* MainScene.m in Sources */ = {isa = PBXBuildFile; fileRef = 1A304D96183E4ECE00F611F5 /* MainScene.m */; };
		1A304D9D183E4ECE00F611F5 /* OptionScene.m in Sources */ = {isa = PBXBuildFile; fileRef = 1A304D98183E4ECE00F611F5 /* OptionScene.m */; };
		1A304D9E183E4ECE00F611F5 /* RegisterScene.m in Sources */ = {isa = PBXBuildFile; fileRef = 1A304D9A183E4ECE00F611F5 /* RegisterScene.m */; };
		1A5FD01C18448EFF00779698 /* GlobalFunction.m in Sources */ = {isa = PBXBuildFile; fileRef = 1A5FD01B18448EFF00779698 /* GlobalFunction.m */; };
		1AD6C07A183DE17500C339E5 /* ASIAuthenticationDialog.m in Sources */ = {isa = PBXBuildFile; fileRef = 1AD6C067183DE17500C339E5 /* ASIAuthenticationDialog.m */; settings = {COMPILER_FLAGS = "-fno-objc-arc"; }; };
		1AD6C07B183DE17500C339E5 /* ASIDataCompressor.m in Sources */ = {isa = PBXBuildFile; fileRef = 1AD6C06A183DE17500C339E5 /* ASIDataCompressor.m */; settings = {COMPILER_FLAGS = "-fno-objc-arc"; }; };
		1AD6C07C183DE17500C339E5 /* ASIDataDecompressor.m in Sources */ = {isa = PBXBuildFile; fileRef = 1AD6C06C183DE17500C339E5 /* ASIDataDecompressor.m */; settings = {COMPILER_FLAGS = "-fno-objc-arc"; }; };
		1AD6C07D183DE17500C339E5 /* ASIDownloadCache.m in Sources */ = {isa = PBXBuildFile; fileRef = 1AD6C06E183DE17500C339E5 /* ASIDownloadCache.m */; settings = {COMPILER_FLAGS = "-fno-objc-arc"; }; };
		1AD6C07E183DE17500C339E5 /* ASIFormDataRequest.m in Sources */ = {isa = PBXBuildFile; fileRef = 1AD6C070183DE17500C339E5 /* ASIFormDataRequest.m */; settings = {COMPILER_FLAGS = "-fno-objc-arc"; }; };
		1AD6C07F183DE17500C339E5 /* ASIHTTPRequest.m in Sources */ = {isa = PBXBuildFile; fileRef = 1AD6C072183DE17500C339E5 /* ASIHTTPRequest.m */; settings = {COMPILER_FLAGS = "-fno-objc-arc"; }; };
		1AD6C080183DE17500C339E5 /* ASIInputStream.m in Sources */ = {isa = PBXBuildFile; fileRef = 1AD6C076183DE17500C339E5 /* ASIInputStream.m */; settings = {COMPILER_FLAGS = "-fno-objc-arc"; }; };
		1AD6C081183DE17500C339E5 /* ASINetworkQueue.m in Sources */ = {isa = PBXBuildFile; fileRef = 1AD6C078183DE17500C339E5 /* ASINetworkQueue.m */; settings = {COMPILER_FLAGS = "-fno-objc-arc"; }; };
		1AD6C084183DE18F00C339E5 /* Reachability.m in Sources */ = {isa = PBXBuildFile; fileRef = 1AD6C083183DE18F00C339E5 /* Reachability.m */; settings = {COMPILER_FLAGS = "-fno-objc-arc"; }; };
		1AD6C086183DE3F700C339E5 /* CFNetwork.framework in Frameworks */ = {isa = PBXBuildFile; fileRef = 1AD6C085183DE3F700C339E5 /* CFNetwork.framework */; };
		1AD6C088183DE41300C339E5 /* SystemConfiguration.framework in Frameworks */ = {isa = PBXBuildFile; fileRef = 1AD6C087183DE41300C339E5 /* SystemConfiguration.framework */; };
		1AD6C08A183DE42A00C339E5 /* MobileCoreServices.framework in Frameworks */ = {isa = PBXBuildFile; fileRef = 1AD6C089183DE42A00C339E5 /* MobileCoreServices.framework */; };
		1AD6C08C183DE43C00C339E5 /* libz.1.2.5.dylib in Frameworks */ = {isa = PBXBuildFile; fileRef = 1AD6C08B183DE43C00C339E5 /* libz.1.2.5.dylib */; };
		1AD6C094183DE98800C339E5 /* Parms.m in Sources */ = {isa = PBXBuildFile; fileRef = 1AD6C093183DE98800C339E5 /* Parms.m */; };
		B737893B180761570076A88C /* Published-iOS in Resources */ = {isa = PBXBuildFile; fileRef = B737893A180761570076A88C /* Published-iOS */; };
		B737893F1807617C0076A88C /* AppDelegate.m in Sources */ = {isa = PBXBuildFile; fileRef = B737893E1807617C0076A88C /* AppDelegate.m */; };
		B7378975180762440076A88C /* Default-568h@2x.png in Resources */ = {isa = PBXBuildFile; fileRef = B737896B180762440076A88C /* Default-568h@2x.png */; };
		B7378976180762440076A88C /* Default-Landscape~ipad.png in Resources */ = {isa = PBXBuildFile; fileRef = B737896C180762440076A88C /* Default-Landscape~ipad.png */; };
		B7378977180762440076A88C /* Default.png in Resources */ = {isa = PBXBuildFile; fileRef = B737896D180762440076A88C /* Default.png */; };
		B7378978180762440076A88C /* Default@2x.png in Resources */ = {isa = PBXBuildFile; fileRef = B737896E180762440076A88C /* Default@2x.png */; };
		B7378979180762440076A88C /* Icon-72.png in Resources */ = {isa = PBXBuildFile; fileRef = B737896F180762440076A88C /* Icon-72.png */; };
		B737897A180762440076A88C /* Icon-Small-50.png in Resources */ = {isa = PBXBuildFile; fileRef = B7378970180762440076A88C /* Icon-Small-50.png */; };
		B737897B180762440076A88C /* Icon-Small.png in Resources */ = {isa = PBXBuildFile; fileRef = B7378971180762440076A88C /* Icon-Small.png */; };
		B737897C180762440076A88C /* Icon-Small@2x.png in Resources */ = {isa = PBXBuildFile; fileRef = B7378972180762440076A88C /* Icon-Small@2x.png */; };
		B737897D180762440076A88C /* Icon.png in Resources */ = {isa = PBXBuildFile; fileRef = B7378973180762440076A88C /* Icon.png */; };
		B737897E180762440076A88C /* Icon@2x.png in Resources */ = {isa = PBXBuildFile; fileRef = B7378974180762440076A88C /* Icon@2x.png */; };
		B73789871807631A0076A88C /* main.m in Sources */ = {isa = PBXBuildFile; fileRef = B73789851807631A0076A88C /* main.m */; };
		B737898A1807642B0076A88C /* libcocos2d.a in Frameworks */ = {isa = PBXBuildFile; fileRef = B737894B180761A90076A88C /* libcocos2d.a */; };
		B77F1B3217B978D7009739AE /* QuartzCore.framework in Frameworks */ = {isa = PBXBuildFile; fileRef = B77F1B3117B978D7009739AE /* QuartzCore.framework */; };
		B77F1B3417B978D7009739AE /* OpenGLES.framework in Frameworks */ = {isa = PBXBuildFile; fileRef = B77F1B3317B978D7009739AE /* OpenGLES.framework */; };
		B77F1B3617B978D7009739AE /* OpenAL.framework in Frameworks */ = {isa = PBXBuildFile; fileRef = B77F1B3517B978D7009739AE /* OpenAL.framework */; };
		B77F1B3817B978D7009739AE /* AudioToolbox.framework in Frameworks */ = {isa = PBXBuildFile; fileRef = B77F1B3717B978D7009739AE /* AudioToolbox.framework */; };
		B77F1B3A17B978D7009739AE /* AVFoundation.framework in Frameworks */ = {isa = PBXBuildFile; fileRef = B77F1B3917B978D7009739AE /* AVFoundation.framework */; };
		B77F1B3C17B978D7009739AE /* UIKit.framework in Frameworks */ = {isa = PBXBuildFile; fileRef = B77F1B3B17B978D7009739AE /* UIKit.framework */; };
		B77F1B3E17B978D7009739AE /* Foundation.framework in Frameworks */ = {isa = PBXBuildFile; fileRef = B77F1B3D17B978D7009739AE /* Foundation.framework */; };
		B77F1B4017B978D7009739AE /* CoreGraphics.framework in Frameworks */ = {isa = PBXBuildFile; fileRef = B77F1B3F17B978D7009739AE /* CoreGraphics.framework */; };
		B77F1B4217B978D7009739AE /* CoreText.framework in Frameworks */ = {isa = PBXBuildFile; fileRef = B77F1B4117B978D7009739AE /* CoreText.framework */; };
/* End PBXBuildFile section */

/* Begin PBXContainerItemProxy section */
		B7378948180761A90076A88C /* PBXContainerItemProxy */ = {
			isa = PBXContainerItemProxy;
			containerPortal = B7378940180761A80076A88C /* cocos2d-ios.xcodeproj */;
			proxyType = 2;
			remoteGlobalIDString = 509807081175041800EA7266;
			remoteInfo = "build all libs";
		};
		B737894A180761A90076A88C /* PBXContainerItemProxy */ = {
			isa = PBXContainerItemProxy;
			containerPortal = B7378940180761A80076A88C /* cocos2d-ios.xcodeproj */;
			proxyType = 2;
			remoteGlobalIDString = 5018F24D0DFDEAC400C013A5;
			remoteInfo = cocos2d;
		};
		B737894E180761A90076A88C /* PBXContainerItemProxy */ = {
			isa = PBXContainerItemProxy;
			containerPortal = B7378940180761A80076A88C /* cocos2d-ios.xcodeproj */;
			proxyType = 2;
			remoteGlobalIDString = A04A1FEB13B826B300ABAFB7;
			remoteInfo = kazmath;
		};
		B7378988180764180076A88C /* PBXContainerItemProxy */ = {
			isa = PBXContainerItemProxy;
			containerPortal = B7378940180761A80076A88C /* cocos2d-ios.xcodeproj */;
			proxyType = 1;
			remoteGlobalIDString = 5018F24C0DFDEAC400C013A5;
			remoteInfo = cocos2d;
		};
		B7D2733E1822FA2E0054849B /* PBXContainerItemProxy */ = {
			isa = PBXContainerItemProxy;
			containerPortal = B7378940180761A80076A88C /* cocos2d-ios.xcodeproj */;
			proxyType = 2;
			remoteGlobalIDString = D36F7E35181580A000E94F72;
			remoteInfo = UnitTests;
		};
/* End PBXContainerItemProxy section */

/* Begin PBXFileReference section */
		1A304D90183E4D6C00F611F5 /* GameProxy.h */ = {isa = PBXFileReference; fileEncoding = 4; lastKnownFileType = sourcecode.c.h; path = GameProxy.h; sourceTree = "<group>"; };
		1A304D91183E4D6C00F611F5 /* GameProxy.m */ = {isa = PBXFileReference; fileEncoding = 4; lastKnownFileType = sourcecode.c.objc; path = GameProxy.m; sourceTree = "<group>"; };
		1A304D93183E4ECE00F611F5 /* LoginScene.h */ = {isa = PBXFileReference; fileEncoding = 4; lastKnownFileType = sourcecode.c.h; path = LoginScene.h; sourceTree = "<group>"; };
		1A304D94183E4ECE00F611F5 /* LoginScene.m */ = {isa = PBXFileReference; fileEncoding = 4; lastKnownFileType = sourcecode.c.objc; path = LoginScene.m; sourceTree = "<group>"; };
		1A304D95183E4ECE00F611F5 /* MainScene.h */ = {isa = PBXFileReference; fileEncoding = 4; lastKnownFileType = sourcecode.c.h; path = MainScene.h; sourceTree = "<group>"; };
		1A304D96183E4ECE00F611F5 /* MainScene.m */ = {isa = PBXFileReference; fileEncoding = 4; lastKnownFileType = sourcecode.c.objc; path = MainScene.m; sourceTree = "<group>"; };
		1A304D97183E4ECE00F611F5 /* OptionScene.h */ = {isa = PBXFileReference; fileEncoding = 4; lastKnownFileType = sourcecode.c.h; path = OptionScene.h; sourceTree = "<group>"; };
		1A304D98183E4ECE00F611F5 /* OptionScene.m */ = {isa = PBXFileReference; fileEncoding = 4; lastKnownFileType = sourcecode.c.objc; path = OptionScene.m; sourceTree = "<group>"; };
		1A304D99183E4ECE00F611F5 /* RegisterScene.h */ = {isa = PBXFileReference; fileEncoding = 4; lastKnownFileType = sourcecode.c.h; path = RegisterScene.h; sourceTree = "<group>"; };
		1A304D9A183E4ECE00F611F5 /* RegisterScene.m */ = {isa = PBXFileReference; fileEncoding = 4; lastKnownFileType = sourcecode.c.objc; path = RegisterScene.m; sourceTree = "<group>"; };
		1A5FD01A18448EFF00779698 /* GlobalFunction.h */ = {isa = PBXFileReference; fileEncoding = 4; lastKnownFileType = sourcecode.c.h; path = GlobalFunction.h; sourceTree = "<group>"; };
		1A5FD01B18448EFF00779698 /* GlobalFunction.m */ = {isa = PBXFileReference; fileEncoding = 4; lastKnownFileType = sourcecode.c.objc; path = GlobalFunction.m; sourceTree = "<group>"; };
		1AD6C066183DE17500C339E5 /* ASIAuthenticationDialog.h */ = {isa = PBXFileReference; fileEncoding = 4; lastKnownFileType = sourcecode.c.h; path = ASIAuthenticationDialog.h; sourceTree = "<group>"; };
		1AD6C067183DE17500C339E5 /* ASIAuthenticationDialog.m */ = {isa = PBXFileReference; fileEncoding = 4; lastKnownFileType = sourcecode.c.objc; path = ASIAuthenticationDialog.m; sourceTree = "<group>"; };
		1AD6C068183DE17500C339E5 /* ASICacheDelegate.h */ = {isa = PBXFileReference; fileEncoding = 4; lastKnownFileType = sourcecode.c.h; path = ASICacheDelegate.h; sourceTree = "<group>"; };
		1AD6C069183DE17500C339E5 /* ASIDataCompressor.h */ = {isa = PBXFileReference; fileEncoding = 4; lastKnownFileType = sourcecode.c.h; path = ASIDataCompressor.h; sourceTree = "<group>"; };
		1AD6C06A183DE17500C339E5 /* ASIDataCompressor.m */ = {isa = PBXFileReference; fileEncoding = 4; lastKnownFileType = sourcecode.c.objc; path = ASIDataCompressor.m; sourceTree = "<group>"; };
		1AD6C06B183DE17500C339E5 /* ASIDataDecompressor.h */ = {isa = PBXFileReference; fileEncoding = 4; lastKnownFileType = sourcecode.c.h; path = ASIDataDecompressor.h; sourceTree = "<group>"; };
		1AD6C06C183DE17500C339E5 /* ASIDataDecompressor.m */ = {isa = PBXFileReference; fileEncoding = 4; lastKnownFileType = sourcecode.c.objc; path = ASIDataDecompressor.m; sourceTree = "<group>"; };
		1AD6C06D183DE17500C339E5 /* ASIDownloadCache.h */ = {isa = PBXFileReference; fileEncoding = 4; lastKnownFileType = sourcecode.c.h; path = ASIDownloadCache.h; sourceTree = "<group>"; };
		1AD6C06E183DE17500C339E5 /* ASIDownloadCache.m */ = {isa = PBXFileReference; fileEncoding = 4; lastKnownFileType = sourcecode.c.objc; path = ASIDownloadCache.m; sourceTree = "<group>"; };
		1AD6C06F183DE17500C339E5 /* ASIFormDataRequest.h */ = {isa = PBXFileReference; fileEncoding = 4; lastKnownFileType = sourcecode.c.h; path = ASIFormDataRequest.h; sourceTree = "<group>"; };
		1AD6C070183DE17500C339E5 /* ASIFormDataRequest.m */ = {isa = PBXFileReference; fileEncoding = 4; lastKnownFileType = sourcecode.c.objc; path = ASIFormDataRequest.m; sourceTree = "<group>"; };
		1AD6C071183DE17500C339E5 /* ASIHTTPRequest.h */ = {isa = PBXFileReference; fileEncoding = 4; lastKnownFileType = sourcecode.c.h; path = ASIHTTPRequest.h; sourceTree = "<group>"; };
		1AD6C072183DE17500C339E5 /* ASIHTTPRequest.m */ = {isa = PBXFileReference; fileEncoding = 4; lastKnownFileType = sourcecode.c.objc; path = ASIHTTPRequest.m; sourceTree = "<group>"; };
		1AD6C073183DE17500C339E5 /* ASIHTTPRequestConfig.h */ = {isa = PBXFileReference; fileEncoding = 4; lastKnownFileType = sourcecode.c.h; path = ASIHTTPRequestConfig.h; sourceTree = "<group>"; };
		1AD6C074183DE17500C339E5 /* ASIHTTPRequestDelegate.h */ = {isa = PBXFileReference; fileEncoding = 4; lastKnownFileType = sourcecode.c.h; path = ASIHTTPRequestDelegate.h; sourceTree = "<group>"; };
		1AD6C075183DE17500C339E5 /* ASIInputStream.h */ = {isa = PBXFileReference; fileEncoding = 4; lastKnownFileType = sourcecode.c.h; path = ASIInputStream.h; sourceTree = "<group>"; };
		1AD6C076183DE17500C339E5 /* ASIInputStream.m */ = {isa = PBXFileReference; fileEncoding = 4; lastKnownFileType = sourcecode.c.objc; path = ASIInputStream.m; sourceTree = "<group>"; };
		1AD6C077183DE17500C339E5 /* ASINetworkQueue.h */ = {isa = PBXFileReference; fileEncoding = 4; lastKnownFileType = sourcecode.c.h; path = ASINetworkQueue.h; sourceTree = "<group>"; };
		1AD6C078183DE17500C339E5 /* ASINetworkQueue.m */ = {isa = PBXFileReference; fileEncoding = 4; lastKnownFileType = sourcecode.c.objc; path = ASINetworkQueue.m; sourceTree = "<group>"; };
		1AD6C079183DE17500C339E5 /* ASIProgressDelegate.h */ = {isa = PBXFileReference; fileEncoding = 4; lastKnownFileType = sourcecode.c.h; path = ASIProgressDelegate.h; sourceTree = "<group>"; };
		1AD6C082183DE18F00C339E5 /* Reachability.h */ = {isa = PBXFileReference; fileEncoding = 4; lastKnownFileType = sourcecode.c.h; path = Reachability.h; sourceTree = "<group>"; };
		1AD6C083183DE18F00C339E5 /* Reachability.m */ = {isa = PBXFileReference; fileEncoding = 4; lastKnownFileType = sourcecode.c.objc; path = Reachability.m; sourceTree = "<group>"; };
		1AD6C085183DE3F700C339E5 /* CFNetwork.framework */ = {isa = PBXFileReference; lastKnownFileType = wrapper.framework; name = CFNetwork.framework; path = System/Library/Frameworks/CFNetwork.framework; sourceTree = SDKROOT; };
		1AD6C087183DE41300C339E5 /* SystemConfiguration.framework */ = {isa = PBXFileReference; lastKnownFileType = wrapper.framework; name = SystemConfiguration.framework; path = System/Library/Frameworks/SystemConfiguration.framework; sourceTree = SDKROOT; };
		1AD6C089183DE42A00C339E5 /* MobileCoreServices.framework */ = {isa = PBXFileReference; lastKnownFileType = wrapper.framework; name = MobileCoreServices.framework; path = System/Library/Frameworks/MobileCoreServices.framework; sourceTree = SDKROOT; };
		1AD6C08B183DE43C00C339E5 /* libz.1.2.5.dylib */ = {isa = PBXFileReference; lastKnownFileType = "compiled.mach-o.dylib"; name = libz.1.2.5.dylib; path = usr/lib/libz.1.2.5.dylib; sourceTree = SDKROOT; };
		1AD6C092183DE98800C339E5 /* Parms.h */ = {isa = PBXFileReference; fileEncoding = 4; lastKnownFileType = sourcecode.c.h; path = Parms.h; sourceTree = "<group>"; };
		1AD6C093183DE98800C339E5 /* Parms.m */ = {isa = PBXFileReference; fileEncoding = 4; lastKnownFileType = sourcecode.c.objc; path = Parms.m; sourceTree = "<group>"; };
		B737893A180761570076A88C /* Published-iOS */ = {isa = PBXFileReference; lastKnownFileType = folder; name = "Published-iOS"; path = "Source/Resources/Published-iOS"; sourceTree = SOURCE_ROOT; };
		B737893D1807617C0076A88C /* AppDelegate.h */ = {isa = PBXFileReference; fileEncoding = 4; lastKnownFileType = sourcecode.c.h; name = AppDelegate.h; path = Source/AppDelegate.h; sourceTree = "<group>"; };
		B737893E1807617C0076A88C /* AppDelegate.m */ = {isa = PBXFileReference; fileEncoding = 4; lastKnownFileType = sourcecode.c.objc; name = AppDelegate.m; path = Source/AppDelegate.m; sourceTree = "<group>"; };
		B7378940180761A80076A88C /* cocos2d-ios.xcodeproj */ = {isa = PBXFileReference; lastKnownFileType = "wrapper.pb-project"; name = "cocos2d-ios.xcodeproj"; path = "Source/libs/cocos2d-iphone/cocos2d-ios.xcodeproj"; sourceTree = SOURCE_ROOT; };
		B737896B180762440076A88C /* Default-568h@2x.png */ = {isa = PBXFileReference; lastKnownFileType = image.png; name = "Default-568h@2x.png"; path = "Source/Resources/Default-568h@2x.png"; sourceTree = SOURCE_ROOT; };
		B737896C180762440076A88C /* Default-Landscape~ipad.png */ = {isa = PBXFileReference; lastKnownFileType = image.png; name = "Default-Landscape~ipad.png"; path = "Source/Resources/Default-Landscape~ipad.png"; sourceTree = SOURCE_ROOT; };
		B737896D180762440076A88C /* Default.png */ = {isa = PBXFileReference; lastKnownFileType = image.png; name = Default.png; path = Source/Resources/Default.png; sourceTree = SOURCE_ROOT; };
		B737896E180762440076A88C /* Default@2x.png */ = {isa = PBXFileReference; lastKnownFileType = image.png; name = "Default@2x.png"; path = "Source/Resources/Default@2x.png"; sourceTree = SOURCE_ROOT; };
		B737896F180762440076A88C /* Icon-72.png */ = {isa = PBXFileReference; lastKnownFileType = image.png; name = "Icon-72.png"; path = "Source/Resources/Icon-72.png"; sourceTree = SOURCE_ROOT; };
		B7378970180762440076A88C /* Icon-Small-50.png */ = {isa = PBXFileReference; lastKnownFileType = image.png; name = "Icon-Small-50.png"; path = "Source/Resources/Icon-Small-50.png"; sourceTree = SOURCE_ROOT; };
		B7378971180762440076A88C /* Icon-Small.png */ = {isa = PBXFileReference; lastKnownFileType = image.png; name = "Icon-Small.png"; path = "Source/Resources/Icon-Small.png"; sourceTree = SOURCE_ROOT; };
		B7378972180762440076A88C /* Icon-Small@2x.png */ = {isa = PBXFileReference; lastKnownFileType = image.png; name = "Icon-Small@2x.png"; path = "Source/Resources/Icon-Small@2x.png"; sourceTree = SOURCE_ROOT; };
		B7378973180762440076A88C /* Icon.png */ = {isa = PBXFileReference; lastKnownFileType = image.png; name = Icon.png; path = Source/Resources/Icon.png; sourceTree = SOURCE_ROOT; };
		B7378974180762440076A88C /* Icon@2x.png */ = {isa = PBXFileReference; lastKnownFileType = image.png; name = "Icon@2x.png"; path = "Source/Resources/Icon@2x.png"; sourceTree = SOURCE_ROOT; };
		B73789851807631A0076A88C /* main.m */ = {isa = PBXFileReference; fileEncoding = 4; lastKnownFileType = sourcecode.c.objc; name = main.m; path = Source/main.m; sourceTree = SOURCE_ROOT; };
		B73789861807631A0076A88C /* Prefix.pch */ = {isa = PBXFileReference; fileEncoding = 4; lastKnownFileType = sourcecode.c.h; name = Prefix.pch; path = Source/Prefix.pch; sourceTree = SOURCE_ROOT; };
		B77F1B2E17B978D7009739AE /* Woc3.app */ = {isa = PBXFileReference; explicitFileType = wrapper.application; includeInIndex = 0; path = Woc3.app; sourceTree = BUILT_PRODUCTS_DIR; };
		B77F1B3117B978D7009739AE /* QuartzCore.framework */ = {isa = PBXFileReference; lastKnownFileType = wrapper.framework; name = QuartzCore.framework; path = System/Library/Frameworks/QuartzCore.framework; sourceTree = SDKROOT; };
		B77F1B3317B978D7009739AE /* OpenGLES.framework */ = {isa = PBXFileReference; lastKnownFileType = wrapper.framework; name = OpenGLES.framework; path = System/Library/Frameworks/OpenGLES.framework; sourceTree = SDKROOT; };
		B77F1B3517B978D7009739AE /* OpenAL.framework */ = {isa = PBXFileReference; lastKnownFileType = wrapper.framework; name = OpenAL.framework; path = System/Library/Frameworks/OpenAL.framework; sourceTree = SDKROOT; };
		B77F1B3717B978D7009739AE /* AudioToolbox.framework */ = {isa = PBXFileReference; lastKnownFileType = wrapper.framework; name = AudioToolbox.framework; path = System/Library/Frameworks/AudioToolbox.framework; sourceTree = SDKROOT; };
		B77F1B3917B978D7009739AE /* AVFoundation.framework */ = {isa = PBXFileReference; lastKnownFileType = wrapper.framework; name = AVFoundation.framework; path = System/Library/Frameworks/AVFoundation.framework; sourceTree = SDKROOT; };
		B77F1B3B17B978D7009739AE /* UIKit.framework */ = {isa = PBXFileReference; lastKnownFileType = wrapper.framework; name = UIKit.framework; path = System/Library/Frameworks/UIKit.framework; sourceTree = SDKROOT; };
		B77F1B3D17B978D7009739AE /* Foundation.framework */ = {isa = PBXFileReference; lastKnownFileType = wrapper.framework; name = Foundation.framework; path = System/Library/Frameworks/Foundation.framework; sourceTree = SDKROOT; };
		B77F1B3F17B978D7009739AE /* CoreGraphics.framework */ = {isa = PBXFileReference; lastKnownFileType = wrapper.framework; name = CoreGraphics.framework; path = System/Library/Frameworks/CoreGraphics.framework; sourceTree = SDKROOT; };
		B77F1B4117B978D7009739AE /* CoreText.framework */ = {isa = PBXFileReference; lastKnownFileType = wrapper.framework; name = CoreText.framework; path = System/Library/Frameworks/CoreText.framework; sourceTree = SDKROOT; };
		B7B3713D180358F1007369CC /* libObjectiveChipmunk.a */ = {isa = PBXFileReference; lastKnownFileType = archive.ar; name = libObjectiveChipmunk.a; path = "../libs/cocos2d-iphone/external/Chipmunk/xcode/build/Debug-iphoneos/libObjectiveChipmunk.a"; sourceTree = "<group>"; };
/* End PBXFileReference section */

/* Begin PBXFrameworksBuildPhase section */
		B77F1B2B17B978D7009739AE /* Frameworks */ = {
			isa = PBXFrameworksBuildPhase;
			buildActionMask = 2147483647;
			files = (
				1AD6C08C183DE43C00C339E5 /* libz.1.2.5.dylib in Frameworks */,
				1AD6C08A183DE42A00C339E5 /* MobileCoreServices.framework in Frameworks */,
				1AD6C088183DE41300C339E5 /* SystemConfiguration.framework in Frameworks */,
				1AD6C086183DE3F700C339E5 /* CFNetwork.framework in Frameworks */,
				B737898A1807642B0076A88C /* libcocos2d.a in Frameworks */,
				B77F1B3217B978D7009739AE /* QuartzCore.framework in Frameworks */,
				B77F1B3417B978D7009739AE /* OpenGLES.framework in Frameworks */,
				B77F1B3617B978D7009739AE /* OpenAL.framework in Frameworks */,
				B77F1B3817B978D7009739AE /* AudioToolbox.framework in Frameworks */,
				B77F1B3A17B978D7009739AE /* AVFoundation.framework in Frameworks */,
				B77F1B3C17B978D7009739AE /* UIKit.framework in Frameworks */,
				B77F1B3E17B978D7009739AE /* Foundation.framework in Frameworks */,
				B77F1B4017B978D7009739AE /* CoreGraphics.framework in Frameworks */,
				B77F1B4217B978D7009739AE /* CoreText.framework in Frameworks */,
			);
			runOnlyForDeploymentPostprocessing = 0;
		};
/* End PBXFrameworksBuildPhase section */

/* Begin PBXGroup section */
		1AD6C040183DDFBE00C339E5 /* External */ = {
			isa = PBXGroup;
			children = (
				1AD6C046183DDFED00C339E5 /* Reachability */,
				1AD6C045183DDFCB00C339E5 /* ASIHTTPRequest */,
			);
			name = External;
			sourceTree = "<group>";
		};
		1AD6C045183DDFCB00C339E5 /* ASIHTTPRequest */ = {
			isa = PBXGroup;
			children = (
				1AD6C066183DE17500C339E5 /* ASIAuthenticationDialog.h */,
				1AD6C067183DE17500C339E5 /* ASIAuthenticationDialog.m */,
				1AD6C068183DE17500C339E5 /* ASICacheDelegate.h */,
				1AD6C069183DE17500C339E5 /* ASIDataCompressor.h */,
				1AD6C06A183DE17500C339E5 /* ASIDataCompressor.m */,
				1AD6C06B183DE17500C339E5 /* ASIDataDecompressor.h */,
				1AD6C06C183DE17500C339E5 /* ASIDataDecompressor.m */,
				1AD6C06D183DE17500C339E5 /* ASIDownloadCache.h */,
				1AD6C06E183DE17500C339E5 /* ASIDownloadCache.m */,
				1AD6C06F183DE17500C339E5 /* ASIFormDataRequest.h */,
				1AD6C070183DE17500C339E5 /* ASIFormDataRequest.m */,
				1AD6C071183DE17500C339E5 /* ASIHTTPRequest.h */,
				1AD6C072183DE17500C339E5 /* ASIHTTPRequest.m */,
				1AD6C073183DE17500C339E5 /* ASIHTTPRequestConfig.h */,
				1AD6C074183DE17500C339E5 /* ASIHTTPRequestDelegate.h */,
				1AD6C075183DE17500C339E5 /* ASIInputStream.h */,
				1AD6C076183DE17500C339E5 /* ASIInputStream.m */,
				1AD6C077183DE17500C339E5 /* ASINetworkQueue.h */,
				1AD6C078183DE17500C339E5 /* ASINetworkQueue.m */,
				1AD6C079183DE17500C339E5 /* ASIProgressDelegate.h */,
			);
			name = ASIHTTPRequest;
			path = Source/External/ASIHTTPRequest;
			sourceTree = "<group>";
		};
		1AD6C046183DDFED00C339E5 /* Reachability */ = {
			isa = PBXGroup;
			children = (
				1AD6C082183DE18F00C339E5 /* Reachability.h */,
				1AD6C083183DE18F00C339E5 /* Reachability.m */,
			);
			name = Reachability;
			path = Source/External/Reachability;
			sourceTree = "<group>";
		};
		1AD6C08D183DE64700C339E5 /* Helper */ = {
			isa = PBXGroup;
			children = (
				1AD6C092183DE98800C339E5 /* Parms.h */,
				1AD6C093183DE98800C339E5 /* Parms.m */,
				1A304D90183E4D6C00F611F5 /* GameProxy.h */,
				1A304D91183E4D6C00F611F5 /* GameProxy.m */,
				1A5FD01A18448EFF00779698 /* GlobalFunction.h */,
				1A5FD01B18448EFF00779698 /* GlobalFunction.m */,
			);
			name = Helper;
			path = Source/Helper;
			sourceTree = "<group>";
		};
		1AD6C08E183DE66800C339E5 /* Scene */ = {
			isa = PBXGroup;
			children = (
				1A304D93183E4ECE00F611F5 /* LoginScene.h */,
				1A304D94183E4ECE00F611F5 /* LoginScene.m */,
				1A304D95183E4ECE00F611F5 /* MainScene.h */,
				1A304D96183E4ECE00F611F5 /* MainScene.m */,
				1A304D97183E4ECE00F611F5 /* OptionScene.h */,
				1A304D98183E4ECE00F611F5 /* OptionScene.m */,
				1A304D99183E4ECE00F611F5 /* RegisterScene.h */,
				1A304D9A183E4ECE00F611F5 /* RegisterScene.m */,
			);
			name = Scene;
			path = Source/Scene;
			sourceTree = "<group>";
		};
		1AD6C095183DF8B400C339E5 /* Fonts */ = {
			isa = PBXGroup;
			children = (
			);
			name = Fonts;
			path = Source/Resources/Fonts;
			sourceTree = "<group>";
		};
		B737893C1807616C0076A88C /* Source */ = {
			isa = PBXGroup;
			children = (
				1AD6C08E183DE66800C339E5 /* Scene */,
				1AD6C08D183DE64700C339E5 /* Helper */,
				1AD6C040183DDFBE00C339E5 /* External */,
				B737893D1807617C0076A88C /* AppDelegate.h */,
				B737893E1807617C0076A88C /* AppDelegate.m */,
			);
			name = Source;
			sourceTree = "<group>";
		};
		B7378941180761A80076A88C /* Products */ = {
			isa = PBXGroup;
			children = (
				B7378949180761A90076A88C /* libbuild all libs.a */,
				B737894B180761A90076A88C /* libcocos2d.a */,
				B737894F180761A90076A88C /* libkazmath.a */,
				B7D2733F1822FA2E0054849B /* UnitTests.xctest */,
			);
			name = Products;
			sourceTree = "<group>";
		};
		B73789911807667A0076A88C /* Icons */ = {
			isa = PBXGroup;
			children = (
				B737896B180762440076A88C /* Default-568h@2x.png */,
				B737896C180762440076A88C /* Default-Landscape~ipad.png */,
				B737896D180762440076A88C /* Default.png */,
				B737896E180762440076A88C /* Default@2x.png */,
				B737896F180762440076A88C /* Icon-72.png */,
				B7378970180762440076A88C /* Icon-Small-50.png */,
				B7378971180762440076A88C /* Icon-Small.png */,
				B7378972180762440076A88C /* Icon-Small@2x.png */,
				B7378973180762440076A88C /* Icon.png */,
				B7378974180762440076A88C /* Icon@2x.png */,
			);
			name = Icons;
			sourceTree = "<group>";
		};
		B77F1B2517B978D7009739AE = {
			isa = PBXGroup;
			children = (
				B737893C1807616C0076A88C /* Source */,
				B77F1B4617B978D7009739AE /* Resources */,
				B77F1B5E17B978D7009739AE /* libs */,
				B77F1CCF17B978D8009739AE /* Supporting Files */,
				B77F1B3017B978D7009739AE /* Frameworks */,
				B77F1B2F17B978D7009739AE /* Products */,
			);
			sourceTree = "<group>";
		};
		B77F1B2F17B978D7009739AE /* Products */ = {
			isa = PBXGroup;
			children = (
				B77F1B2E17B978D7009739AE /* Woc3.app */,
			);
			name = Products;
			sourceTree = "<group>";
		};
		B77F1B3017B978D7009739AE /* Frameworks */ = {
			isa = PBXGroup;
			children = (
				1AD6C08B183DE43C00C339E5 /* libz.1.2.5.dylib */,
				1AD6C089183DE42A00C339E5 /* MobileCoreServices.framework */,
				1AD6C087183DE41300C339E5 /* SystemConfiguration.framework */,
				1AD6C085183DE3F700C339E5 /* CFNetwork.framework */,
				B7B3713D180358F1007369CC /* libObjectiveChipmunk.a */,
				B77F1B3117B978D7009739AE /* QuartzCore.framework */,
				B77F1B3317B978D7009739AE /* OpenGLES.framework */,
				B77F1B3517B978D7009739AE /* OpenAL.framework */,
				B77F1B3717B978D7009739AE /* AudioToolbox.framework */,
				B77F1B3917B978D7009739AE /* AVFoundation.framework */,
				B77F1B3B17B978D7009739AE /* UIKit.framework */,
				B77F1B3D17B978D7009739AE /* Foundation.framework */,
				B77F1B3F17B978D7009739AE /* CoreGraphics.framework */,
				B77F1B4117B978D7009739AE /* CoreText.framework */,
			);
			name = Frameworks;
			sourceTree = "<group>";
		};
		B77F1B4617B978D7009739AE /* Resources */ = {
			isa = PBXGroup;
			children = (
				1AD6C095183DF8B400C339E5 /* Fonts */,
				B73789911807667A0076A88C /* Icons */,
				B737893A180761570076A88C /* Published-iOS */,
			);
			name = Resources;
			path = Example;
			sourceTree = "<group>";
		};
		B77F1B5E17B978D7009739AE /* libs */ = {
			isa = PBXGroup;
			children = (
				B7378940180761A80076A88C /* cocos2d-ios.xcodeproj */,
			);
			name = libs;
			path = Example;
			sourceTree = "<group>";
		};
		B77F1CCF17B978D8009739AE /* Supporting Files */ = {
			isa = PBXGroup;
			children = (
				B73789851807631A0076A88C /* main.m */,
				B73789861807631A0076A88C /* Prefix.pch */,
			);
			name = "Supporting Files";
			path = Example;
			sourceTree = "<group>";
		};
/* End PBXGroup section */

/* Begin PBXNativeTarget section */
		B77F1B2D17B978D7009739AE /* Woc3 */ = {
			isa = PBXNativeTarget;
			buildConfigurationList = B77F1CDE17B978D8009739AE /* Build configuration list for PBXNativeTarget "Woc3" */;
			buildPhases = (
				B77F1B2A17B978D7009739AE /* Sources */,
				B77F1B2B17B978D7009739AE /* Frameworks */,
				B77F1B2C17B978D7009739AE /* Resources */,
			);
			buildRules = (
			);
			dependencies = (
				B7378989180764180076A88C /* PBXTargetDependency */,
			);
			name = Woc3;
			productName = Example;
			productReference = B77F1B2E17B978D7009739AE /* Woc3.app */;
			productType = "com.apple.product-type.application";
		};
/* End PBXNativeTarget section */

/* Begin PBXProject section */
		B77F1B2617B978D7009739AE /* Project object */ = {
			isa = PBXProject;
			attributes = {
				LastUpgradeCheck = 0460;
				ORGANIZATIONNAME = Apportable;
				TargetAttributes = {
					B77F1B2D17B978D7009739AE = {
						DevelopmentTeam = VN4KGPBVS4;
						SystemCapabilities = {
							com.apple.GameCenter = {
								enabled = 0;
							};
						};
					};
				};
			};
			buildConfigurationList = B77F1B2917B978D7009739AE /* Build configuration list for PBXProject "Woc3" */;
			compatibilityVersion = "Xcode 3.2";
			developmentRegion = English;
			hasScannedForEncodings = 0;
			knownRegions = (
				en,
			);
			mainGroup = B77F1B2517B978D7009739AE;
			productRefGroup = B77F1B2F17B978D7009739AE /* Products */;
			projectDirPath = "";
			projectReferences = (
				{
					ProductGroup = B7378941180761A80076A88C /* Products */;
					ProjectRef = B7378940180761A80076A88C /* cocos2d-ios.xcodeproj */;
				},
			);
			projectRoot = "";
			targets = (
				B77F1B2D17B978D7009739AE /* Woc3 */,
			);
		};
/* End PBXProject section */

/* Begin PBXReferenceProxy section */
		B7378949180761A90076A88C /* libbuild all libs.a */ = {
			isa = PBXReferenceProxy;
			fileType = archive.ar;
			path = "libbuild all libs.a";
			remoteRef = B7378948180761A90076A88C /* PBXContainerItemProxy */;
			sourceTree = BUILT_PRODUCTS_DIR;
		};
		B737894B180761A90076A88C /* libcocos2d.a */ = {
			isa = PBXReferenceProxy;
			fileType = archive.ar;
			path = libcocos2d.a;
			remoteRef = B737894A180761A90076A88C /* PBXContainerItemProxy */;
			sourceTree = BUILT_PRODUCTS_DIR;
		};
		B737894F180761A90076A88C /* libkazmath.a */ = {
			isa = PBXReferenceProxy;
			fileType = archive.ar;
			path = libkazmath.a;
			remoteRef = B737894E180761A90076A88C /* PBXContainerItemProxy */;
			sourceTree = BUILT_PRODUCTS_DIR;
		};
		B7D2733F1822FA2E0054849B /* UnitTests.xctest */ = {
			isa = PBXReferenceProxy;
			fileType = wrapper.cfbundle;
			path = UnitTests.xctest;
			remoteRef = B7D2733E1822FA2E0054849B /* PBXContainerItemProxy */;
			sourceTree = BUILT_PRODUCTS_DIR;
		};
/* End PBXReferenceProxy section */

/* Begin PBXResourcesBuildPhase section */
		B77F1B2C17B978D7009739AE /* Resources */ = {
			isa = PBXResourcesBuildPhase;
			buildActionMask = 2147483647;
			files = (
				B7378978180762440076A88C /* Default@2x.png in Resources */,
				B737897E180762440076A88C /* Icon@2x.png in Resources */,
				B737893B180761570076A88C /* Published-iOS in Resources */,
				B737897C180762440076A88C /* Icon-Small@2x.png in Resources */,
				B7378976180762440076A88C /* Default-Landscape~ipad.png in Resources */,
				B7378975180762440076A88C /* Default-568h@2x.png in Resources */,
				B737897A180762440076A88C /* Icon-Small-50.png in Resources */,
				B7378979180762440076A88C /* Icon-72.png in Resources */,
				B737897D180762440076A88C /* Icon.png in Resources */,
				B7378977180762440076A88C /* Default.png in Resources */,
				B737897B180762440076A88C /* Icon-Small.png in Resources */,
			);
			runOnlyForDeploymentPostprocessing = 0;
		};
/* End PBXResourcesBuildPhase section */

/* Begin PBXSourcesBuildPhase section */
		B77F1B2A17B978D7009739AE /* Sources */ = {
			isa = PBXSourcesBuildPhase;
			buildActionMask = 2147483647;
			files = (
				B737893F1807617C0076A88C /* AppDelegate.m in Sources */,
				1AD6C080183DE17500C339E5 /* ASIInputStream.m in Sources */,
				1AD6C07D183DE17500C339E5 /* ASIDownloadCache.m in Sources */,
				1AD6C084183DE18F00C339E5 /* Reachability.m in Sources */,
				1AD6C07B183DE17500C339E5 /* ASIDataCompressor.m in Sources */,
				1AD6C094183DE98800C339E5 /* Parms.m in Sources */,
				1AD6C07F183DE17500C339E5 /* ASIHTTPRequest.m in Sources */,
				1AD6C07C183DE17500C339E5 /* ASIDataDecompressor.m in Sources */,
				1A304D9D183E4ECE00F611F5 /* OptionScene.m in Sources */,
				1A304D9E183E4ECE00F611F5 /* RegisterScene.m in Sources */,
				B73789871807631A0076A88C /* main.m in Sources */,
				1A304D9B183E4ECE00F611F5 /* LoginScene.m in Sources */,
				1AD6C081183DE17500C339E5 /* ASINetworkQueue.m in Sources */,
				1AD6C07A183DE17500C339E5 /* ASIAuthenticationDialog.m in Sources */,
				1A5FD01C18448EFF00779698 /* GlobalFunction.m in Sources */,
				1AD6C07E183DE17500C339E5 /* ASIFormDataRequest.m in Sources */,
				1A304D9C183E4ECE00F611F5 /* MainScene.m in Sources */,
				1A304D92183E4D6C00F611F5 /* GameProxy.m in Sources */,
			);
			runOnlyForDeploymentPostprocessing = 0;
		};
/* End PBXSourcesBuildPhase section */

/* Begin PBXTargetDependency section */
		B7378989180764180076A88C /* PBXTargetDependency */ = {
			isa = PBXTargetDependency;
			name = cocos2d;
			targetProxy = B7378988180764180076A88C /* PBXContainerItemProxy */;
		};
/* End PBXTargetDependency section */

/* Begin XCBuildConfiguration section */
		B77F1CDC17B978D8009739AE /* Debug */ = {
			isa = XCBuildConfiguration;
			buildSettings = {
				ARCHS = "$(ARCHS_STANDARD_32_BIT)";
				"CODE_SIGN_IDENTITY[sdk=iphoneos*]" = "iPhone Developer";
				GCC_C_LANGUAGE_STANDARD = gnu99;
				GCC_OPTIMIZATION_LEVEL = 0;
				GCC_PREPROCESSOR_DEFINITIONS = (
					DEBUG,
					"COCOS2D_DEBUG=1",
				);
				GCC_SYMBOLS_PRIVATE_EXTERN = NO;
				GCC_VERSION = com.apple.compilers.llvm.clang.1_0;
				GCC_WARN_ABOUT_RETURN_TYPE = YES;
				GCC_WARN_UNUSED_VARIABLE = YES;
				IPHONEOS_DEPLOYMENT_TARGET = 4.0;
				SDKROOT = iphoneos;
				TARGETED_DEVICE_FAMILY = "1,2";
			};
			name = Debug;
		};
		B77F1CDD17B978D8009739AE /* Release */ = {
			isa = XCBuildConfiguration;
			buildSettings = {
				ARCHS = "$(ARCHS_STANDARD_32_BIT)";
				"CODE_SIGN_IDENTITY[sdk=iphoneos*]" = "iPhone Developer";
				GCC_C_LANGUAGE_STANDARD = gnu99;
				GCC_PREPROCESSOR_DEFINITIONS = (
					NDEBUG,
					"NS_BLOCK_ASSERTIONS=1",
				);
				GCC_VERSION = com.apple.compilers.llvm.clang.1_0;
				GCC_WARN_ABOUT_RETURN_TYPE = YES;
				GCC_WARN_UNUSED_VARIABLE = YES;
				IPHONEOS_DEPLOYMENT_TARGET = 4.0;
				SDKROOT = iphoneos;
				TARGETED_DEVICE_FAMILY = "1,2";
			};
			name = Release;
		};
		B77F1CDF17B978D8009739AE /* Debug */ = {
			isa = XCBuildConfiguration;
			buildSettings = {
				ALWAYS_SEARCH_USER_PATHS = NO;
				ARCHS = "$(ARCHS_STANDARD)";
				CLANG_ENABLE_OBJC_ARC = YES;
				CODE_SIGN_IDENTITY = "iPhone Developer";
				"CODE_SIGN_IDENTITY[sdk=iphoneos*]" = "iPhone Developer";
				COPY_PHASE_STRIP = NO;
				GCC_DYNAMIC_NO_PIC = NO;
				GCC_PRECOMPILE_PREFIX_HEADER = YES;
				GCC_PREFIX_HEADER = Source/Prefix.pch;
				HEADER_SEARCH_PATHS = (
					"\"Source/libs/cocos2d-iphone/external/kazmath/include\"/**",
					"\"Source/libs/cocos2d-iphone/cocos2d\"/**",
					"Source/libs/cocos2d-iphone/external/Chipmunk/objectivec/include",
					"Source/libs/cocos2d-iphone/external/Chipmunk/include",
					"\"Source/libs/cocos2d-iphone/cocos2d-ui\"/**",
				);
				INFOPLIST_FILE = Source/Resources/Info.plist;
				IPHONEOS_DEPLOYMENT_TARGET = 5.0;
				ONLY_ACTIVE_ARCH = YES;
				OTHER_LDFLAGS = (
					"-lz",
					"-lsqlite3",
					"-ObjC",
				);
				PRODUCT_NAME = Woc3;
				PROVISIONING_PROFILE = "";
				WRAPPER_EXTENSION = app;
			};
			name = Debug;
		};
		B77F1CE017B978D8009739AE /* Release */ = {
			isa = XCBuildConfiguration;
			buildSettings = {
				ALWAYS_SEARCH_USER_PATHS = NO;
				ARCHS = "$(ARCHS_STANDARD)";
				CLANG_ENABLE_OBJC_ARC = YES;
				CODE_SIGN_IDENTITY = "iPhone Developer";
				"CODE_SIGN_IDENTITY[sdk=iphoneos*]" = "iPhone Developer";
				COPY_PHASE_STRIP = YES;
				GCC_PRECOMPILE_PREFIX_HEADER = YES;
				GCC_PREFIX_HEADER = Source/Prefix.pch;
				HEADER_SEARCH_PATHS = (
					"\"Source/libs/cocos2d-iphone/external/kazmath/include\"/**",
					"\"Source/libs/cocos2d-iphone/cocos2d\"/**",
					"Source/libs/cocos2d-iphone/external/Chipmunk/objectivec/include",
					"Source/libs/cocos2d-iphone/external/Chipmunk/include",
					"\"Source/libs/cocos2d-iphone/cocos2d-ui\"/**",
				);
				INFOPLIST_FILE = Source/Resources/Info.plist;
				IPHONEOS_DEPLOYMENT_TARGET = 5.0;
				OTHER_LDFLAGS = (
					"-lz",
					"-lsqlite3",
					"-ObjC",
				);
				PRODUCT_NAME = Woc3;
				PROVISIONING_PROFILE = "";
				VALIDATE_PRODUCT = YES;
				WRAPPER_EXTENSION = app;
			};
			name = Release;
		};
/* End XCBuildConfiguration section */

/* Begin XCConfigurationList section */
		B77F1B2917B978D7009739AE /* Build configuration list for PBXProject "Woc3" */ = {
			isa = XCConfigurationList;
			buildConfigurations = (
				B77F1CDC17B978D8009739AE /* Debug */,
				B77F1CDD17B978D8009739AE /* Release */,
			);
			defaultConfigurationIsVisible = 0;
			defaultConfigurationName = Release;
		};
		B77F1CDE17B978D8009739AE /* Build configuration list for PBXNativeTarget "Woc3" */ = {
			isa = XCConfigurationList;
			buildConfigurations = (
				B77F1CDF17B978D8009739AE /* Debug */,
				B77F1CE017B978D8009739AE /* Release */,
			);
			defaultConfigurationIsVisible = 0;
			defaultConfigurationName = Release;
		};
/* End XCConfigurationList section */
	};
	rootObject = B77F1B2617B978D7009739AE /* Project object */;
}
